
Microsoft Visual Studio Solution File, Format Version 12.00
# Visual Studio Version 17
VisualStudioVersion = 17.14.36414.22 d17.14
MinimumVisualStudioVersion = 10.0.40219.1
Project("{FAE04EC0-301F-11D3-BF4B-00C04F79EFBC}") = "LibraryManagement", "LibraryManagement\LibraryManagement.csproj", "{D0211DC1-C428-4C97-BBB9-5371CED1E443}"
EndProject
Global
	GlobalSection(SolutionConfigurationPlatforms) = preSolution
		Debug|Any CPU = Debug|Any CPU
		Release|Any CPU = Release|Any CPU
	EndGlobalSection
	GlobalSection(ProjectConfigurationPlatforms) = postSolution
		{D0211DC1-C428-4C97-BBB9-5371CED1E443}.Debug|Any CPU.ActiveCfg = Debug|Any CPU
		{D0211DC1-C428-4C97-BBB9-5371CED1E443}.Debug|Any CPU.Build.0 = Debug|Any CPU
		{D0211DC1-C428-4C97-BBB9-5371CED1E443}.Release|Any CPU.ActiveCfg = Release|Any CPU
		{D0211DC1-C428-4C97-BBB9-5371CED1E443}.Release|Any CPU.Build.0 = Release|Any CPU
	EndGlobalSection
	GlobalSection(SolutionProperties) = preSolution
		HideSolutionNode = FALSE
	EndGlobalSection
	GlobalSection(ExtensibilityGlobals) = postSolution
		SolutionGuid = {5C8C27A4-99FA-4E69-A0C4-BD10432C829E}
	EndGlobalSection
EndGlobal
